// !$*UTF8*$!
{
	archiveVersion = 1;
	classes = {
	};
	objectVersion = 34;
	objects = {
		02218D9AFECEFA92C02AAC07 = {
			children = (
				2A37F4B9FDCFA73011CA2CEA,
				2A37F4B6FDCFA73011CA2CEA,
				2A37F4B4FDCFA73011CA2CEA,
				089C165FFE840EACC02AAC07,
			);
			isa = PBXGroup;
			name = Resources;
			refType = 4;
		};
//020
//021
//022
//023
//024
//040
//041
//042
//043
//044
		043355CEFE303625C02AAC07 = {
			buildActionMask = 2147483647;
			files = (
			);
			isa = PBXJavaArchiveBuildPhase;
			name = "Java Archive Files";
		};
//040
//041
//042
//043
//044
//080
//081
//082
//083
//084
		080E96D9FE201CDB7F000001 = {
			fileRef = 2A37F4B9FDCFA73011CA2CEA;
			isa = PBXBuildFile;
			settings = {
			};
		};
		080E96DAFE201CDB7F000001 = {
			fileRef = 2A37F4B6FDCFA73011CA2CEA;
			isa = PBXBuildFile;
			settings = {
			};
		};
		080E96DBFE201CDB7F000001 = {
			fileRef = 2A37F4B4FDCFA73011CA2CEA;
			isa = PBXBuildFile;
			settings = {
			};
		};
		089C165FFE840EACC02AAC07 = {
			children = (
				089C1660FE840EACC02AAC07,
			);
			isa = PBXVariantGroup;
			name = InfoPlist.strings;
			path = "";
			refType = 4;
		};
		089C1660FE840EACC02AAC07 = {
			fileEncoding = 10;
			isa = PBXFileReference;
			name = English;
			path = English.lproj/InfoPlist.strings;
			refType = 4;
		};
		089C1661FE840EACC02AAC07 = {
			fileRef = 089C165FFE840EACC02AAC07;
			isa = PBXBuildFile;
			settings = {
			};
		};
//080
//081
//082
//083
//084
//100
//101
//102
//103
//104
		1058C7A7FEA54F5311CA2CBB = {
			isa = PBXFrameworkReference;
			name = Cocoa.framework;
			path = /System/Library/Frameworks/Cocoa.framework;
			refType = 0;
		};
		1058C7A9FEA54F5311CA2CBB = {
			fileRef = 1058C7A7FEA54F5311CA2CBB;
			isa = PBXBuildFile;
			settings = {
			};
		};
//100
//101
//102
//103
//104
//110
//111
//112
//113
//114
		116DBC1EFEF5915911CA2CEA = {
			fileRef = 2A37F4ACFDCFA73011CA2CEA;
			isa = PBXBuildFile;
			settings = {
				ATTRIBUTES = (
				);
			};
		};
//110
//111
//112
//113
//114
//170
//171
//172
//173
//174
		1758732CFF379DAD11CA2CBB = {
			isa = PBXApplicationReference;
			path = RDFAuthor.app;
			refType = 3;
		};
//170
//171
//172
//173
//174
//190
//191
//192
//193
//194
		19C28FB0FE9D524F11CA2CBB = {
			children = (
				1758732CFF379DAD11CA2CBB,
			);
			isa = PBXGroup;
			name = Products;
			refType = 4;
		};
//190
//191
//192
//193
//194
//2A0
//2A1
//2A2
//2A3
//2A4
		2A37F4A9FDCFA73011CA2CEA = {
			buildStyles = (
				4A9504D6FFE6A4CB11CA0CBA,
				4A9504D7FFE6A4CB11CA0CBA,
			);
			isa = PBXProject;
			mainGroup = 2A37F4AAFDCFA73011CA2CEA;
			projectDirPath = "";
			targets = (
				2A37F4C6FDCFA73011CA2CEA,
			);
		};
		2A37F4AAFDCFA73011CA2CEA = {
			children = (
				2A37F4ACFDCFA73011CA2CEA,
				2A37F4B0FDCFA73011CA2CEA,
				F6E8FB6E0171D52E01000211,
				F6E8FB700171D57401000211,
				F6E8FB720171D57401000211,
				F6E8FB730171D57401000211,
				F6E8FB7A0171F2E101000211,
				F660C47701732AA701000211,
				F660C4790173300201000211,
				F54297F30174F93501C4327A,
				F660C47B0173870901000211,
				02218D9AFECEFA92C02AAC07,
				2A37F4C3FDCFA73011CA2CEA,
				19C28FB0FE9D524F11CA2CBB,
			);
			isa = PBXGroup;
			name = RDFAuthor;
			path = "";
			refType = 4;
		};
		2A37F4ACFDCFA73011CA2CEA = {
			isa = PBXFileReference;
			path = RDFAuthorDocument.java;
			refType = 4;
		};
		2A37F4B0FDCFA73011CA2CEA = {
			isa = PBXFileReference;
			path = main.m;
			refType = 4;
		};
		2A37F4B4FDCFA73011CA2CEA = {
			children = (
				2A37F4B5FDCFA73011CA2CEA,
			);
			isa = PBXVariantGroup;
			name = RDFAuthorDocument.nib;
			path = "";
			refType = 4;
		};
		2A37F4B5FDCFA73011CA2CEA = {
			isa = PBXFileReference;
			name = RDFAuthorDocument.nib;
			path = English.lproj/RDFAuthorDocument.nib;
			refType = 4;
		};
		2A37F4B6FDCFA73011CA2CEA = {
			children = (
				2A37F4B7FDCFA73011CA2CEA,
			);
			isa = PBXVariantGroup;
			name = MainMenu.nib;
			path = "";
			refType = 4;
		};
		2A37F4B7FDCFA73011CA2CEA = {
			isa = PBXFileReference;
			name = English;
			path = English.lproj/MainMenu.nib;
			refType = 4;
		};
		2A37F4B9FDCFA73011CA2CEA = {
			children = (
				2A37F4BAFDCFA73011CA2CEA,
			);
			isa = PBXVariantGroup;
			name = Credits.rtf;
			path = "";
			refType = 4;
		};
		2A37F4BAFDCFA73011CA2CEA = {
			isa = PBXFileReference;
			name = English;
			path = English.lproj/Credits.rtf;
			refType = 4;
		};
		2A37F4C3FDCFA73011CA2CEA = {
			children = (
				1058C7A7FEA54F5311CA2CBB,
				2A37F4C5FDCFA73011CA2CEA,
				2A37F4C4FDCFA73011CA2CEA,
			);
			isa = PBXGroup;
			name = Frameworks;
			path = "";
			refType = 4;
		};
		2A37F4C4FDCFA73011CA2CEA = {
			isa = PBXFrameworkReference;
			name = AppKit.framework;
			path = /System/Library/Frameworks/AppKit.framework;
			refType = 0;
		};
		2A37F4C5FDCFA73011CA2CEA = {
			isa = PBXFrameworkReference;
			name = Foundation.framework;
			path = /System/Library/Frameworks/Foundation.framework;
			refType = 0;
		};
		2A37F4C6FDCFA73011CA2CEA = {
			buildPhases = (
				2A37F4C7FDCFA73011CA2CEA,
				2A37F4C9FDCFA73011CA2CEA,
				2A37F4CEFDCFA73011CA2CEA,
				043355CEFE303625C02AAC07,
				2A37F4D1FDCFA73011CA2CEA,
			);
			buildSettings = {
				FRAMEWORK_SEARCH_PATHS = "";
				HEADER_SEARCH_PATHS = "";
				INSTALL_PATH = "$(HOME)/Applications";
				JAVA_COMPILER_FLAGS = "";
				JAVA_SOURCE_SUBDIR = .;
				LIBRARY_SEARCH_PATHS = "";
				OTHER_CFLAGS = "";
				OTHER_LDFLAGS = "";
				PRODUCT_NAME = RDFAuthor;
				SECTORDER_FLAGS = "";
				WARNING_CFLAGS = "-Wmost -Wno-four-char-constants -Wno-unknown-pragmas";
				WRAPPER_EXTENSION = app;
			};
			dependencies = (
			);
			isa = PBXApplicationTarget;
			name = RDFAuthor;
			productInstallPath = "$(HOME)/Applications";
			productName = RDFAuthor;
			productReference = 1758732CFF379DAD11CA2CBB;
			productSettingsXML = "<?xml version=\"1.0\" encoding=\"UTF-8\"?>
<!DOCTYPE plist SYSTEM \"file://localhost/System/Library/DTDs/PropertyList.dtd\">
<plist version=\"0.9\">
<dict>
	<key>CFBundleDevelopmentRegion</key>
	<string>English</string>
	<key>CFBundleDocumentTypes</key>
	<array>
		<dict>
			<key>CFBundleTypeExtensions</key>
			<array>
				<string>rdfa</string>
			</array>
			<key>CFBundleTypeName</key>
			<string>RDFAuthor Document</string>
			<key>CFBundleTypeOSTypes</key>
			<array>
				<string>rdfa</string>
			</array>
			<key>CFBundleTypeRole</key>
			<string>Editor</string>
			<key>NSDocumentClass</key>
			<string>RDFAuthorDocument</string>
			<key>NSExportableAs</key>
			<array>
				<string>NSStringPboardType</string>
			</array>
		</dict>
		<dict>
			<key>CFBundleTypeExtensions</key>
			<array>
				<string>rdf</string>
			</array>
			<key>CFBundleTypeName</key>
			<string>RDF Document</string>
			<key>CFBundleTypeOSTypes</key>
			<array>
				<string>rdf*</string>
			</array>
			<key>CFBundleTypeRole</key>
			<string>Editor</string>
			<key>NSDocumentClass</key>
			<string>RDFAuthorDocument</string>
		</dict>
		<dict>
			<key>CFBundleTypeExtensions</key>
			<array>
				<string>rdf</string>
				<string>xml</string>
				<string>*</string>
				<string>txt</string>
			</array>
			<key>CFBundleTypeIconFile</key>
			<string>(txt.icns)</string>
			<key>CFBundleTypeName</key>
			<string>NSStringPboardType</string>
			<key>CFBundleTypeRole</key>
			<string>None</string>
		</dict>
	</array>
	<key>CFBundleExecutable</key>
	<string>RDFAuthor</string>
	<key>CFBundleGetInfoString</key>
	<string>RDF Author - A tool for simple drag 'n drop generation of RDF/XML</string>
	<key>CFBundleIconFile</key>
	<string></string>
	<key>CFBundleInfoDictionaryVersion</key>
	<string>6.0</string>
	<key>CFBundleName</key>
	<string>RDF Author</string>
	<key>CFBundlePackageType</key>
	<string>APPL</string>
	<key>CFBundleShortVersionString</key>
	<string>RDF Author 0.1</string>
	<key>CFBundleSignature</key>
	<string>R*FA</string>
	<key>CFBundleVersion</key>
	<string>0.1</string>
	<key>NSJavaNeeded</key>
	<string>YES</string>
	<key>NSJavaPath</key>
	<array>
		<string>RDFAuthor.jar</string>
	</array>
	<key>NSJavaRoot</key>
	<string>Contents/Resources/Java</string>
	<key>NSMainNibFile</key>
	<string>MainMenu</string>
	<key>NSPrincipalClass</key>
	<string>NSApplication</string>
</dict>
</plist>
";
			shouldUseHeadermap = 1;
		};
		2A37F4C7FDCFA73011CA2CEA = {
			buildActionMask = 2147483647;
			files = (
			);
			isa = PBXHeadersBuildPhase;
			name = Headers;
		};
		2A37F4C9FDCFA73011CA2CEA = {
			buildActionMask = 2147483647;
			files = (
				080E96D9FE201CDB7F000001,
				080E96DAFE201CDB7F000001,
				080E96DBFE201CDB7F000001,
				089C1661FE840EACC02AAC07,
			);
			isa = PBXResourcesBuildPhase;
			name = "Bundle Resources";
		};
		2A37F4CEFDCFA73011CA2CEA = {
			buildActionMask = 2147483647;
			files = (
				2A37F4D0FDCFA73011CA2CEA,
				116DBC1EFEF5915911CA2CEA,
				F6E8FB6F0171D52E01000211,
				F6E8FB750171D57401000211,
				F6E8FB770171D57401000211,
				F6E8FB780171D57401000211,
				F6E8FB7B0171F2E101000211,
				F660C47801732AA801000211,
				F660C47A0173300201000211,
				F54297F40174F93601C4327A,
			);
			isa = PBXSourcesBuildPhase;
			name = Sources;
		};
		2A37F4D0FDCFA73011CA2CEA = {
			fileRef = 2A37F4B0FDCFA73011CA2CEA;
			isa = PBXBuildFile;
			settings = {
				ATTRIBUTES = (
				);
			};
		};
		2A37F4D1FDCFA73011CA2CEA = {
			buildActionMask = 2147483647;
			files = (
				1058C7A9FEA54F5311CA2CBB,
				F660C4800173870901000211,
				F660C4810173870901000211,
				F660C4820173870901000211,
				F660C4830173870901000211,
			);
			isa = PBXFrameworksBuildPhase;
			name = "Frameworks & Libraries";
		};
//2A0
//2A1
//2A2
//2A3
//2A4
//4A0
//4A1
//4A2
//4A3
//4A4
		4A9504D6FFE6A4CB11CA0CBA = {
			buildRules = (
			);
			buildSettings = {
				COPY_PHASE_STRIP = NO;
				OPTIMIZATION_CFLAGS = "-O0";
			};
			isa = PBXBuildStyle;
			name = Development;
		};
		4A9504D7FFE6A4CB11CA0CBA = {
			buildRules = (
			);
			buildSettings = {
				COPY_PHASE_STRIP = YES;
			};
			isa = PBXBuildStyle;
			name = Deployment;
		};
//4A0
//4A1
//4A2
//4A3
//4A4
//F50
//F51
//F52
//F53
//F54
		F54297F30174F93501C4327A = {
			isa = PBXFileReference;
			path = InfoController.java;
			refType = 4;
		};
		F54297F40174F93601C4327A = {
			fileRef = F54297F30174F93501C4327A;
			isa = PBXBuildFile;
			settings = {
			};
		};
//F50
//F51
//F52
//F53
//F54
//F60
//F61
//F62
//F63
//F64
		F660C47701732AA701000211 = {
			isa = PBXFileReference;
			path = SchemaWindowController.java;
			refType = 4;
		};
		F660C47801732AA801000211 = {
			fileRef = F660C47701732AA701000211;
			isa = PBXBuildFile;
			settings = {
			};
		};
		F660C4790173300201000211 = {
			isa = PBXFileReference;
			path = SchemaData.java;
			refType = 4;
		};
		F660C47A0173300201000211 = {
			fileRef = F660C4790173300201000211;
			isa = PBXBuildFile;
			settings = {
			};
		};
		F660C47B0173870901000211 = {
			children = (
				F660C47C0173870901000211,
				F660C47D0173870901000211,
				F660C47E0173870901000211,
				F660C47F0173870901000211,
			);
			isa = PBXGroup;
			name = Jena;
			refType = 4;
		};
		F660C47C0173870901000211 = {
			isa = PBXFileReference;
			path = rdffilter.jar;
			refType = 4;
		};
		F660C47D0173870901000211 = {
			isa = PBXFileReference;
			path = xerces.jar;
			refType = 4;
		};
		F660C47E0173870901000211 = {
			isa = PBXFileReference;
			path = jena.jar;
			refType = 4;
		};
		F660C47F0173870901000211 = {
			isa = PBXFileReference;
			path = sax2.jar;
			refType = 4;
		};
		F660C4800173870901000211 = {
			fileRef = F660C47C0173870901000211;
			isa = PBXBuildFile;
			settings = {
				ATTRIBUTES = (
					Merge,
				);
			};
		};
		F660C4810173870901000211 = {
			fileRef = F660C47D0173870901000211;
			isa = PBXBuildFile;
			settings = {
				ATTRIBUTES = (
					Merge,
				);
			};
		};
		F660C4820173870901000211 = {
			fileRef = F660C47E0173870901000211;
			isa = PBXBuildFile;
			settings = {
				ATTRIBUTES = (
					Merge,
				);
			};
		};
		F660C4830173870901000211 = {
			fileRef = F660C47F0173870901000211;
			isa = PBXBuildFile;
			settings = {
				ATTRIBUTES = (
					Merge,
				);
			};
		};
		F6E8FB6E0171D52E01000211 = {
			isa = PBXFileReference;
			path = Arc.java;
			refType = 4;
		};
		F6E8FB6F0171D52E01000211 = {
			fileRef = F6E8FB6E0171D52E01000211;
			isa = PBXBuildFile;
			settings = {
			};
		};
		F6E8FB700171D57401000211 = {
			isa = PBXFileReference;
			path = Node.java;
			refType = 4;
		};
		F6E8FB720171D57401000211 = {
			isa = PBXFileReference;
			path = ModelItem.java;
			refType = 4;
		};
		F6E8FB730171D57401000211 = {
			isa = PBXFileReference;
			path = ArcNodeList.java;
			refType = 4;
		};
		F6E8FB750171D57401000211 = {
			fileRef = F6E8FB700171D57401000211;
			isa = PBXBuildFile;
			settings = {
			};
		};
		F6E8FB770171D57401000211 = {
			fileRef = F6E8FB720171D57401000211;
			isa = PBXBuildFile;
			settings = {
			};
		};
		F6E8FB780171D57401000211 = {
			fileRef = F6E8FB730171D57401000211;
			isa = PBXBuildFile;
			settings = {
			};
		};
		F6E8FB7A0171F2E101000211 = {
			isa = PBXFileReference;
			path = RDFModelView.java;
			refType = 4;
		};
		F6E8FB7B0171F2E101000211 = {
			fileRef = F6E8FB7A0171F2E101000211;
			isa = PBXBuildFile;
			settings = {
			};
		};
	};
	rootObject = 2A37F4A9FDCFA73011CA2CEA;
}
