// !$*UTF8*$!
{
	archiveVersion = 1;
	classes = {
	};
	objectVersion = 34;
	objects = {
		02218D9AFECEFA92C02AAC07 = {
			children = (
				2A37F4B9FDCFA73011CA2CEA,
				2A37F4B6FDCFA73011CA2CEA,
				2A37F4B4FDCFA73011CA2CEA,
				089C165FFE840EACC02AAC07,
			);
			isa = PBXGroup;
			name = Resources;
			refType = 4;
		};
//020
//021
//022
//023
//024
//040
//041
//042
//043
//044
		043355CEFE303625C02AAC07 = {
			buildActionMask = 2147483647;
			files = (
			);
			isa = PBXJavaArchiveBuildPhase;
			name = "Java Archive Files";
		};
//040
//041
//042
//043
//044
//080
//081
//082
//083
//084
		080E96D9FE201CDB7F000001 = {
			fileRef = 2A37F4B9FDCFA73011CA2CEA;
			isa = PBXBuildFile;
			settings = {
			};
		};
		080E96DAFE201CDB7F000001 = {
			fileRef = 2A37F4B6FDCFA73011CA2CEA;
			isa = PBXBuildFile;
			settings = {
			};
		};
		080E96DBFE201CDB7F000001 = {
			fileRef = 2A37F4B4FDCFA73011CA2CEA;
			isa = PBXBuildFile;
			settings = {
			};
		};
		089C165FFE840EACC02AAC07 = {
			children = (
				089C1660FE840EACC02AAC07,
			);
			isa = PBXVariantGroup;
			name = InfoPlist.strings;
			path = "";
			refType = 4;
		};
		089C1660FE840EACC02AAC07 = {
			fileEncoding = 10;
			isa = PBXFileReference;
			name = English;
			path = English.lproj/InfoPlist.strings;
			refType = 4;
		};
		089C1661FE840EACC02AAC07 = {
			fileRef = 089C165FFE840EACC02AAC07;
			isa = PBXBuildFile;
			settings = {
			};
		};
//080
//081
//082
//083
//084
//100
//101
//102
//103
//104
		1058C7A7FEA54F5311CA2CBB = {
			isa = PBXFrameworkReference;
			name = Cocoa.framework;
			path = /System/Library/Frameworks/Cocoa.framework;
			refType = 0;
		};
		1058C7A9FEA54F5311CA2CBB = {
			fileRef = 1058C7A7FEA54F5311CA2CBB;
			isa = PBXBuildFile;
			settings = {
			};
		};
//100
//101
//102
//103
//104
//110
//111
//112
//113
//114
		116DBC1EFEF5915911CA2CEA = {
			fileRef = 2A37F4ACFDCFA73011CA2CEA;
			isa = PBXBuildFile;
			settings = {
				ATTRIBUTES = (
				);
			};
		};
//110
//111
//112
//113
//114
//170
//171
//172
//173
//174
		1758732CFF379DAD11CA2CBB = {
			isa = PBXApplicationReference;
			path = RDFAuthor.app;
			refType = 3;
		};
//170
//171
//172
//173
//174
//190
//191
//192
//193
//194
		19C28FB0FE9D524F11CA2CBB = {
			children = (
				1758732CFF379DAD11CA2CBB,
			);
			isa = PBXGroup;
			name = Products;
			refType = 4;
		};
//190
//191
//192
//193
//194
//2A0
//2A1
//2A2
//2A3
//2A4
		2A37F4A9FDCFA73011CA2CEA = {
			buildStyles = (
				4A9504D6FFE6A4CB11CA0CBA,
				4A9504D7FFE6A4CB11CA0CBA,
			);
			isa = PBXProject;
			mainGroup = 2A37F4AAFDCFA73011CA2CEA;
			projectDirPath = "";
			targets = (
				2A37F4C6FDCFA73011CA2CEA,
			);
		};
		2A37F4AAFDCFA73011CA2CEA = {
			children = (
				2A37F4B0FDCFA73011CA2CEA,
				2A37F4ACFDCFA73011CA2CEA,
				F6E8FB7A0171F2E101000211,
				F6BC9AD50199A28B01000211,
				F65AF203019ED40101000211,
				F6BC47EF0196FCA401000211,
				F6908E650184397001000211,
				F6908E6701843A6D01000211,
				F6908E6801843A6D01000211,
				F6908E6901843A6D01000211,
				F6908E6A01843A6D01000211,
				F6908E660184397001000211,
				F6167DD9017A0A9401000211,
				F61C69E201984DA601000211,
				F660C47B0173870901000211,
				02218D9AFECEFA92C02AAC07,
				2A37F4C3FDCFA73011CA2CEA,
				19C28FB0FE9D524F11CA2CBB,
				F6AC16230188448F01000211,
			);
			isa = PBXGroup;
			name = RDFAuthor;
			path = "";
			refType = 4;
		};
		2A37F4ACFDCFA73011CA2CEA = {
			isa = PBXFileReference;
			path = RDFAuthorDocument.java;
			refType = 4;
		};
		2A37F4B0FDCFA73011CA2CEA = {
			isa = PBXFileReference;
			path = main.m;
			refType = 4;
		};
		2A37F4B4FDCFA73011CA2CEA = {
			children = (
				2A37F4B5FDCFA73011CA2CEA,
			);
			isa = PBXVariantGroup;
			name = RDFAuthorDocument.nib;
			path = "";
			refType = 4;
		};
		2A37F4B5FDCFA73011CA2CEA = {
			isa = PBXFileReference;
			name = RDFAuthorDocument.nib;
			path = English.lproj/RDFAuthorDocument.nib;
			refType = 4;
		};
		2A37F4B6FDCFA73011CA2CEA = {
			children = (
				2A37F4B7FDCFA73011CA2CEA,
			);
			isa = PBXVariantGroup;
			name = MainMenu.nib;
			path = "";
			refType = 4;
		};
		2A37F4B7FDCFA73011CA2CEA = {
			isa = PBXFileReference;
			name = English;
			path = English.lproj/MainMenu.nib;
			refType = 4;
		};
		2A37F4B9FDCFA73011CA2CEA = {
			children = (
				2A37F4BAFDCFA73011CA2CEA,
			);
			isa = PBXVariantGroup;
			name = Credits.rtf;
			path = "";
			refType = 4;
		};
		2A37F4BAFDCFA73011CA2CEA = {
			isa = PBXFileReference;
			name = English;
			path = English.lproj/Credits.rtf;
			refType = 4;
		};
		2A37F4C3FDCFA73011CA2CEA = {
			children = (
				1058C7A7FEA54F5311CA2CBB,
				2A37F4C5FDCFA73011CA2CEA,
				2A37F4C4FDCFA73011CA2CEA,
			);
			isa = PBXGroup;
			name = Frameworks;
			path = "";
			refType = 4;
		};
		2A37F4C4FDCFA73011CA2CEA = {
			isa = PBXFrameworkReference;
			name = AppKit.framework;
			path = /System/Library/Frameworks/AppKit.framework;
			refType = 0;
		};
		2A37F4C5FDCFA73011CA2CEA = {
			isa = PBXFrameworkReference;
			name = Foundation.framework;
			path = /System/Library/Frameworks/Foundation.framework;
			refType = 0;
		};
		2A37F4C6FDCFA73011CA2CEA = {
			buildPhases = (
				2A37F4C7FDCFA73011CA2CEA,
				2A37F4C9FDCFA73011CA2CEA,
				2A37F4CEFDCFA73011CA2CEA,
				043355CEFE303625C02AAC07,
				2A37F4D1FDCFA73011CA2CEA,
			);
			buildSettings = {
				FRAMEWORK_SEARCH_PATHS = "";
				HEADER_SEARCH_PATHS = "";
				INSTALL_PATH = "$(HOME)/Applications";
				JAVA_COMPILER_FLAGS = "";
				JAVA_SOURCE_SUBDIR = .;
				LIBRARY_SEARCH_PATHS = "";
				OTHER_CFLAGS = "";
				OTHER_LDFLAGS = "";
				PRODUCT_NAME = RDFAuthor;
				SECTORDER_FLAGS = "";
				WARNING_CFLAGS = "-Wmost -Wno-four-char-constants -Wno-unknown-pragmas";
				WRAPPER_EXTENSION = app;
			};
			dependencies = (
			);
			isa = PBXApplicationTarget;
			name = RDFAuthor;
			productInstallPath = "$(HOME)/Applications";
			productName = RDFAuthor;
			productReference = 1758732CFF379DAD11CA2CBB;
			productSettingsXML = "<?xml version=\"1.0\" encoding=\"UTF-8\"?>
<!DOCTYPE plist SYSTEM \"file://localhost/System/Library/DTDs/PropertyList.dtd\">
<plist version=\"0.9\">
<dict>
	<key>CFBundleDevelopmentRegion</key>
	<string>English</string>
	<key>CFBundleDocumentTypes</key>
	<array>
		<dict>
			<key>CFBundleTypeExtensions</key>
			<array>
				<string>rdfa</string>
			</array>
			<key>CFBundleTypeIconFile</key>
			<string>RDFADocument.icns</string>
			<key>CFBundleTypeName</key>
			<string>RDFAuthor Document</string>
			<key>CFBundleTypeOSTypes</key>
			<array>
				<string>rdfa</string>
			</array>
			<key>CFBundleTypeRole</key>
			<string>Editor</string>
			<key>NSDocumentClass</key>
			<string>RDFAuthorDocument</string>
			<key>NSExportableAs</key>
			<array>
				<string>RDF/XML Document</string>
				<string>N-Triple Document</string>
				<string>N3 Document</string>
			</array>
		</dict>
		<dict>
			<key>CFBundleTypeExtensions</key>
			<array>
				<string>rdf</string>
				<string>xml</string>
				<string>txt</string>
			</array>
			<key>CFBundleTypeName</key>
			<string>XML/RDF Document</string>
			<key>CFBundleTypeOSTypes</key>
			<array>
				<string>text</string>
			</array>
			<key>CFBundleTypeRole</key>
			<string>None</string>
		</dict>
		<dict>
			<key>CFBundleTypeExtensions</key>
			<array>
				<string>ntriple</string>
				<string>txt</string>
				<string>rdf</string>
			</array>
			<key>CFBundleTypeName</key>
			<string>N-Triple Document</string>
			<key>CFBundleTypeOSTypes</key>
			<array>
				<string>text</string>
			</array>
			<key>CFBundleTypeRole</key>
			<string>None</string>
		</dict>
		<dict>
			<key>CFBundleTypeExtensions</key>
			<array>
				<string>n3</string>
				<string>txt</string>
				<string>rdf</string>
			</array>
			<key>CFBundleTypeName</key>
			<string>N3 Document</string>
			<key>CFBundleTypeOSTypes</key>
			<array>
				<string>text</string>
			</array>
			<key>CFBundleTypeRole</key>
			<string>None</string>
		</dict>
	</array>
	<key>CFBundleExecutable</key>
	<string>RDFAuthor</string>
	<key>CFBundleGetInfoString</key>
	<string>RDF Author - A tool for simple drag 'n drop generation of RDF/XML</string>
	<key>CFBundleIconFile</key>
	<string>RDFAuthor.icns</string>
	<key>CFBundleIdentifier</key>
	<string>org.rdfweb.RDFAuthor</string>
	<key>CFBundleInfoDictionaryVersion</key>
	<string>6.0</string>
	<key>CFBundleName</key>
	<string>RDF Author</string>
	<key>CFBundlePackageType</key>
	<string>APPL</string>
	<key>CFBundleShortVersionString</key>
	<string>0.1</string>
	<key>CFBundleSignature</key>
	<string>R*FA</string>
	<key>CFBundleVersion</key>
	<string>0.1</string>
	<key>NSJavaNeeded</key>
	<string>YES</string>
	<key>NSJavaPath</key>
	<array>
		<string>RDFAuthor.jar</string>
	</array>
	<key>NSJavaRoot</key>
	<string>Contents/Resources/Java</string>
	<key>NSMainNibFile</key>
	<string>MainMenu</string>
	<key>NSPrincipalClass</key>
	<string>NSApplication</string>
</dict>
</plist>
";
			shouldUseHeadermap = 1;
		};
		2A37F4C7FDCFA73011CA2CEA = {
			buildActionMask = 2147483647;
			files = (
			);
			isa = PBXHeadersBuildPhase;
			name = Headers;
		};
		2A37F4C9FDCFA73011CA2CEA = {
			buildActionMask = 2147483647;
			files = (
				080E96D9FE201CDB7F000001,
				080E96DAFE201CDB7F000001,
				080E96DBFE201CDB7F000001,
				089C1661FE840EACC02AAC07,
				F6167DC80179D79C01000211,
				F692E0F3017CC9FF01000211,
				F692E0F7017CC9FF01000211,
				F692E0F8017CC9FF01000211,
				F692E0F9017CC9FF01000211,
				F5021A68017CD20C01000214,
				F5021A69017CD20C01000214,
				F5021A6A017CD20C01000214,
				F51151FB017CE12B01000214,
				F6E066E3017F83AE01000211,
				F6E066E4017F83AF01000211,
				F64FE2E40180B79B01000211,
				F68396760181CC1601000211,
				F68396780181CC3E01000211,
				F68C94950181F1D101000211,
				F6AC16240188448F01000211,
				F6C639C90196E11A01000211,
				F6BC47EE0196F7B601000211,
				F67460C001A1BB7801000211,
				F629131501A475A501000211,
				F629131901A475CE01000211,
				F629131A01A475CE01000211,
				F629131B01A475CE01000211,
			);
			isa = PBXResourcesBuildPhase;
			name = "Bundle Resources";
		};
		2A37F4CEFDCFA73011CA2CEA = {
			buildActionMask = 2147483647;
			files = (
				2A37F4D0FDCFA73011CA2CEA,
				116DBC1EFEF5915911CA2CEA,
				F6E8FB6F0171D52E01000211,
				F6E8FB750171D57401000211,
				F6E8FB770171D57401000211,
				F6E8FB780171D57401000211,
				F6E8FB7B0171F2E101000211,
				F660C47801732AA801000211,
				F660C47A0173300201000211,
				F54297F40174F93601C4327A,
				F6167DCC0179D93401000211,
				F6167DE2017AD49E01000211,
				F6B09AE3017AFA4501000211,
				F6C639C30195CEA701000211,
				F6C639C50196DC8A01000211,
				F61C69ED0198593D01000211,
				F6BC9AD4019990A701000211,
				F6BC9AD60199A28B01000211,
				F6BC9AD8019AB14801000211,
				F65AF205019ED40101000211,
				F63468EB01A17A5901000211,
			);
			isa = PBXSourcesBuildPhase;
			name = Sources;
		};
		2A37F4D0FDCFA73011CA2CEA = {
			fileRef = 2A37F4B0FDCFA73011CA2CEA;
			isa = PBXBuildFile;
			settings = {
				ATTRIBUTES = (
				);
			};
		};
		2A37F4D1FDCFA73011CA2CEA = {
			buildActionMask = 2147483647;
			files = (
				1058C7A9FEA54F5311CA2CBB,
				F6BC9ACF01988E3601000211,
				F6BC9AD101988E7B01000211,
				F6BC9AD001988E3601000211,
				F6BC9AD2019890A401000211,
			);
			isa = PBXFrameworksBuildPhase;
			name = "Frameworks & Libraries";
		};
//2A0
//2A1
//2A2
//2A3
//2A4
//4A0
//4A1
//4A2
//4A3
//4A4
		4A9504D6FFE6A4CB11CA0CBA = {
			buildRules = (
			);
			buildSettings = {
				COPY_PHASE_STRIP = NO;
				OPTIMIZATION_CFLAGS = "-O0";
			};
			isa = PBXBuildStyle;
			name = Development;
		};
		4A9504D7FFE6A4CB11CA0CBA = {
			buildRules = (
			);
			buildSettings = {
				COPY_PHASE_STRIP = YES;
			};
			isa = PBXBuildStyle;
			name = Deployment;
		};
//4A0
//4A1
//4A2
//4A3
//4A4
//F50
//F51
//F52
//F53
//F54
		F5021A65017CD20C01000214 = {
			isa = PBXFileReference;
			path = showTypes.tiff;
			refType = 4;
		};
		F5021A66017CD20C01000214 = {
			isa = PBXFileReference;
			path = showIds.tiff;
			refType = 4;
		};
		F5021A67017CD20C01000214 = {
			isa = PBXFileReference;
			path = showProperties.tiff;
			refType = 4;
		};
		F5021A68017CD20C01000214 = {
			fileRef = F5021A65017CD20C01000214;
			isa = PBXBuildFile;
			settings = {
			};
		};
		F5021A69017CD20C01000214 = {
			fileRef = F5021A66017CD20C01000214;
			isa = PBXBuildFile;
			settings = {
			};
		};
		F5021A6A017CD20C01000214 = {
			fileRef = F5021A67017CD20C01000214;
			isa = PBXBuildFile;
			settings = {
			};
		};
		F51151FA017CE12A01000214 = {
			isa = PBXFileReference;
			path = check.tiff;
			refType = 4;
		};
		F51151FB017CE12B01000214 = {
			fileRef = F51151FA017CE12A01000214;
			isa = PBXBuildFile;
			settings = {
			};
		};
		F54297F30174F93501C4327A = {
			isa = PBXFileReference;
			path = InfoController.java;
			refType = 4;
		};
		F54297F40174F93601C4327A = {
			fileRef = F54297F30174F93501C4327A;
			isa = PBXBuildFile;
			settings = {
			};
		};
//F50
//F51
//F52
//F53
//F54
//F60
//F61
//F62
//F63
//F64
		F6167DC70179D79C01000211 = {
			isa = PBXFileReference;
			path = Arrow.tiff;
			refType = 4;
		};
		F6167DC80179D79C01000211 = {
			fileRef = F6167DC70179D79C01000211;
			isa = PBXBuildFile;
			settings = {
			};
		};
		F6167DCB0179D93301000211 = {
			isa = PBXFileReference;
			path = RDFToolbar.java;
			refType = 4;
		};
		F6167DCC0179D93401000211 = {
			fileRef = F6167DCB0179D93301000211;
			isa = PBXBuildFile;
			settings = {
			};
		};
		F6167DD9017A0A9401000211 = {
			children = (
				F629131401A475A501000211,
				F629131601A475CE01000211,
				F629131701A475CE01000211,
				F629131801A475CE01000211,
				F67460BF01A1BB7701000211,
				F6BC47ED0196F7B601000211,
				F6C639C80196E11A01000211,
				F68396750181CC1601000211,
				F68396770181CC3E01000211,
				F6167DC70179D79C01000211,
				F692E0EC017CC9FF01000211,
				F692E0F0017CC9FF01000211,
				F692E0F1017CC9FF01000211,
				F692E0F2017CC9FF01000211,
				F5021A65017CD20C01000214,
				F51151FA017CE12A01000214,
				F5021A66017CD20C01000214,
				F5021A67017CD20C01000214,
				F6E066E1017F83AE01000211,
				F6E066E2017F83AE01000211,
			);
			isa = PBXGroup;
			name = Images;
			refType = 4;
		};
		F6167DE1017AD49E01000211 = {
			isa = PBXFileReference;
			path = ErrorWindowController.java;
			refType = 4;
		};
		F6167DE2017AD49E01000211 = {
			fileRef = F6167DE1017AD49E01000211;
			isa = PBXBuildFile;
			settings = {
			};
		};
		F61C69E201984DA601000211 = {
			children = (
				F61C69E701984DA601000211,
				F61C69E801984DA601000211,
			);
			isa = PBXGroup;
			name = "Query Related Libraries";
			path = "";
			refType = 4;
		};
		F61C69E701984DA601000211 = {
			isa = PBXFileReference;
			path = axis.jar;
			refType = 4;
		};
		F61C69E801984DA601000211 = {
			isa = PBXFileReference;
			path = "log4j-core.jar";
			refType = 4;
		};
		F61C69EC0198593C01000211 = {
			isa = PBXFileReference;
			path = QueryResultSource.java;
			refType = 4;
		};
		F61C69ED0198593D01000211 = {
			fileRef = F61C69EC0198593C01000211;
			isa = PBXBuildFile;
			settings = {
			};
		};
		F629131401A475A501000211 = {
			isa = PBXFileReference;
			path = classType.tiff;
			refType = 4;
		};
		F629131501A475A501000211 = {
			fileRef = F629131401A475A501000211;
			isa = PBXBuildFile;
			settings = {
			};
		};
		F629131601A475CE01000211 = {
			isa = PBXFileReference;
			path = URLType.tiff;
			refType = 4;
		};
		F629131701A475CE01000211 = {
			isa = PBXFileReference;
			path = literalType.tiff;
			refType = 4;
		};
		F629131801A475CE01000211 = {
			isa = PBXFileReference;
			path = propertyType.tiff;
			refType = 4;
		};
		F629131901A475CE01000211 = {
			fileRef = F629131601A475CE01000211;
			isa = PBXBuildFile;
			settings = {
			};
		};
		F629131A01A475CE01000211 = {
			fileRef = F629131701A475CE01000211;
			isa = PBXBuildFile;
			settings = {
			};
		};
		F629131B01A475CE01000211 = {
			fileRef = F629131801A475CE01000211;
			isa = PBXBuildFile;
			settings = {
			};
		};
		F63468EA01A17A5801000211 = {
			isa = PBXFileReference;
			path = BookmarkItem.java;
			refType = 4;
		};
		F63468EB01A17A5901000211 = {
			fileRef = F63468EA01A17A5801000211;
			isa = PBXBuildFile;
			settings = {
			};
		};
		F64FE2E30180B79B01000211 = {
			isa = PBXFileReference;
			path = RDFAuthor.icns;
			refType = 4;
		};
		F64FE2E40180B79B01000211 = {
			fileRef = F64FE2E30180B79B01000211;
			isa = PBXBuildFile;
			settings = {
			};
		};
		F65AF203019ED40101000211 = {
			children = (
				F65AF204019ED40101000211,
				F63468EA01A17A5801000211,
			);
			isa = PBXGroup;
			name = "Bookmark Classes";
			refType = 4;
		};
		F65AF204019ED40101000211 = {
			isa = PBXFileReference;
			path = BookmarkController.java;
			refType = 4;
		};
		F65AF205019ED40101000211 = {
			fileRef = F65AF204019ED40101000211;
			isa = PBXBuildFile;
			settings = {
			};
		};
		F660C47701732AA701000211 = {
			isa = PBXFileReference;
			path = SchemaWindowController.java;
			refType = 4;
		};
		F660C47801732AA801000211 = {
			fileRef = F660C47701732AA701000211;
			isa = PBXBuildFile;
			settings = {
			};
		};
		F660C4790173300201000211 = {
			isa = PBXFileReference;
			path = SchemaData.java;
			refType = 4;
		};
		F660C47A0173300201000211 = {
			fileRef = F660C4790173300201000211;
			isa = PBXBuildFile;
			settings = {
			};
		};
		F660C47B0173870901000211 = {
			children = (
				F660C47D0173870901000211,
				F660C47E0173870901000211,
			);
			isa = PBXGroup;
			name = "Jena Libraries";
			path = "";
			refType = 4;
		};
		F660C47D0173870901000211 = {
			isa = PBXFileReference;
			path = xerces.jar;
			refType = 4;
		};
		F660C47E0173870901000211 = {
			isa = PBXFileReference;
			path = jena.jar;
			refType = 4;
		};
		F67460BF01A1BB7701000211 = {
			isa = PBXFileReference;
			path = bookmarkWindow.tiff;
			refType = 4;
		};
		F67460C001A1BB7801000211 = {
			fileRef = F67460BF01A1BB7701000211;
			isa = PBXBuildFile;
			settings = {
			};
		};
		F68396750181CC1601000211 = {
			isa = PBXFileReference;
			path = modelView.tiff;
			refType = 4;
		};
		F68396760181CC1601000211 = {
			fileRef = F68396750181CC1601000211;
			isa = PBXBuildFile;
			settings = {
			};
		};
		F68396770181CC3E01000211 = {
			isa = PBXFileReference;
			path = textPreview.tiff;
			refType = 4;
		};
		F68396780181CC3E01000211 = {
			fileRef = F68396770181CC3E01000211;
			isa = PBXBuildFile;
			settings = {
			};
		};
		F68C94940181F1D101000211 = {
			isa = PBXFileReference;
			path = RDFADocument.icns;
			refType = 4;
		};
		F68C94950181F1D101000211 = {
			fileRef = F68C94940181F1D101000211;
			isa = PBXBuildFile;
			settings = {
			};
		};
		F6908E650184397001000211 = {
			children = (
				F6E8FB6E0171D52E01000211,
				F6E8FB700171D57401000211,
				F6E8FB720171D57401000211,
				F6E8FB730171D57401000211,
				F6BC9AD3019990A701000211,
			);
			isa = PBXGroup;
			name = "Model Classes";
			refType = 4;
		};
		F6908E660184397001000211 = {
			children = (
				F68C94940181F1D101000211,
				F64FE2E30180B79B01000211,
			);
			isa = PBXGroup;
			name = "Icon Files";
			refType = 4;
		};
		F6908E6701843A6D01000211 = {
			children = (
				F660C47701732AA701000211,
				F660C4790173300201000211,
				F6C639C20195CEA701000211,
			);
			isa = PBXGroup;
			name = "Schema Classes";
			refType = 4;
		};
		F6908E6801843A6D01000211 = {
			children = (
				F54297F30174F93501C4327A,
			);
			isa = PBXGroup;
			name = "Info Classes";
			refType = 4;
		};
		F6908E6901843A6D01000211 = {
			children = (
				F6167DE1017AD49E01000211,
				F6B09AE2017AFA4501000211,
			);
			isa = PBXGroup;
			name = "Error Classes";
			refType = 4;
		};
		F6908E6A01843A6D01000211 = {
			children = (
				F6167DCB0179D93301000211,
			);
			isa = PBXGroup;
			name = "Toolbar Classes";
			refType = 4;
		};
		F692E0EC017CC9FF01000211 = {
			isa = PBXFileReference;
			path = addArc.tiff;
			refType = 4;
		};
		F692E0F0017CC9FF01000211 = {
			isa = PBXFileReference;
			path = addNode.tiff;
			refType = 4;
		};
		F692E0F1017CC9FF01000211 = {
			isa = PBXFileReference;
			path = delete.tiff;
			refType = 4;
		};
		F692E0F2017CC9FF01000211 = {
			isa = PBXFileReference;
			path = showProperties.tiff;
			refType = 4;
		};
		F692E0F3017CC9FF01000211 = {
			fileRef = F692E0EC017CC9FF01000211;
			isa = PBXBuildFile;
			settings = {
			};
		};
		F692E0F7017CC9FF01000211 = {
			fileRef = F692E0F0017CC9FF01000211;
			isa = PBXBuildFile;
			settings = {
			};
		};
		F692E0F8017CC9FF01000211 = {
			fileRef = F692E0F1017CC9FF01000211;
			isa = PBXBuildFile;
			settings = {
			};
		};
		F692E0F9017CC9FF01000211 = {
			fileRef = F692E0F2017CC9FF01000211;
			isa = PBXBuildFile;
			settings = {
			};
		};
		F6AC16230188448F01000211 = {
			isa = PBXFileReference;
			path = Changelog;
			refType = 4;
		};
		F6AC16240188448F01000211 = {
			fileRef = F6AC16230188448F01000211;
			isa = PBXBuildFile;
			settings = {
			};
		};
		F6B09AE2017AFA4501000211 = {
			isa = PBXFileReference;
			path = ModelErrorData.java;
			refType = 4;
		};
		F6B09AE3017AFA4501000211 = {
			fileRef = F6B09AE2017AFA4501000211;
			isa = PBXBuildFile;
			settings = {
			};
		};
		F6BC47ED0196F7B601000211 = {
			isa = PBXFileReference;
			path = queryPanel.tiff;
			refType = 4;
		};
		F6BC47EE0196F7B601000211 = {
			fileRef = F6BC47ED0196F7B601000211;
			isa = PBXBuildFile;
			settings = {
			};
		};
		F6BC47EF0196FCA401000211 = {
			children = (
				F6C639C40196DC8A01000211,
				F61C69EC0198593C01000211,
				F6BC9AD7019AB14801000211,
			);
			isa = PBXGroup;
			name = "Query Classes";
			refType = 4;
		};
		F6BC9ACF01988E3601000211 = {
			fileRef = F660C47E0173870901000211;
			isa = PBXBuildFile;
			settings = {
				ATTRIBUTES = (
					Merge,
				);
			};
		};
		F6BC9AD001988E3601000211 = {
			fileRef = F61C69E701984DA601000211;
			isa = PBXBuildFile;
			settings = {
				ATTRIBUTES = (
					Merge,
				);
			};
		};
		F6BC9AD101988E7B01000211 = {
			fileRef = F660C47D0173870901000211;
			isa = PBXBuildFile;
			settings = {
				ATTRIBUTES = (
					Merge,
				);
			};
		};
		F6BC9AD2019890A401000211 = {
			fileRef = F61C69E801984DA601000211;
			isa = PBXBuildFile;
			settings = {
				ATTRIBUTES = (
					Merge,
				);
			};
		};
		F6BC9AD3019990A701000211 = {
			isa = PBXFileReference;
			path = ArcNodeListIterator.java;
			refType = 4;
		};
		F6BC9AD4019990A701000211 = {
			fileRef = F6BC9AD3019990A701000211;
			isa = PBXBuildFile;
			settings = {
			};
		};
		F6BC9AD50199A28B01000211 = {
			isa = PBXFileReference;
			path = RDFAuthorUtilities.java;
			refType = 4;
		};
		F6BC9AD60199A28B01000211 = {
			fileRef = F6BC9AD50199A28B01000211;
			isa = PBXBuildFile;
			settings = {
			};
		};
		F6BC9AD7019AB14801000211 = {
			isa = PBXFileReference;
			path = QueryThread.java;
			refType = 4;
		};
		F6BC9AD8019AB14801000211 = {
			fileRef = F6BC9AD7019AB14801000211;
			isa = PBXBuildFile;
			settings = {
			};
		};
		F6C639C20195CEA701000211 = {
			isa = PBXFileReference;
			path = SchemaItem.java;
			refType = 4;
		};
		F6C639C30195CEA701000211 = {
			fileRef = F6C639C20195CEA701000211;
			isa = PBXBuildFile;
			settings = {
			};
		};
		F6C639C40196DC8A01000211 = {
			isa = PBXFileReference;
			path = QueryController.java;
			refType = 4;
		};
		F6C639C50196DC8A01000211 = {
			fileRef = F6C639C40196DC8A01000211;
			isa = PBXBuildFile;
			settings = {
			};
		};
		F6C639C80196E11A01000211 = {
			isa = PBXFileReference;
			path = markQuery.tiff;
			refType = 4;
		};
		F6C639C90196E11A01000211 = {
			fileRef = F6C639C80196E11A01000211;
			isa = PBXBuildFile;
			settings = {
			};
		};
		F6E066E1017F83AE01000211 = {
			isa = PBXFileReference;
			path = error.tiff;
			refType = 4;
		};
		F6E066E2017F83AE01000211 = {
			isa = PBXFileReference;
			path = warning.tiff;
			refType = 4;
		};
		F6E066E3017F83AE01000211 = {
			fileRef = F6E066E1017F83AE01000211;
			isa = PBXBuildFile;
			settings = {
			};
		};
		F6E066E4017F83AF01000211 = {
			fileRef = F6E066E2017F83AE01000211;
			isa = PBXBuildFile;
			settings = {
			};
		};
		F6E8FB6E0171D52E01000211 = {
			isa = PBXFileReference;
			path = Arc.java;
			refType = 4;
		};
		F6E8FB6F0171D52E01000211 = {
			fileRef = F6E8FB6E0171D52E01000211;
			isa = PBXBuildFile;
			settings = {
			};
		};
		F6E8FB700171D57401000211 = {
			isa = PBXFileReference;
			path = Node.java;
			refType = 4;
		};
		F6E8FB720171D57401000211 = {
			isa = PBXFileReference;
			path = ModelItem.java;
			refType = 4;
		};
		F6E8FB730171D57401000211 = {
			isa = PBXFileReference;
			path = ArcNodeList.java;
			refType = 4;
		};
		F6E8FB750171D57401000211 = {
			fileRef = F6E8FB700171D57401000211;
			isa = PBXBuildFile;
			settings = {
			};
		};
		F6E8FB770171D57401000211 = {
			fileRef = F6E8FB720171D57401000211;
			isa = PBXBuildFile;
			settings = {
			};
		};
		F6E8FB780171D57401000211 = {
			fileRef = F6E8FB730171D57401000211;
			isa = PBXBuildFile;
			settings = {
			};
		};
		F6E8FB7A0171F2E101000211 = {
			isa = PBXFileReference;
			path = RDFModelView.java;
			refType = 4;
		};
		F6E8FB7B0171F2E101000211 = {
			fileRef = F6E8FB7A0171F2E101000211;
			isa = PBXBuildFile;
			settings = {
			};
		};
	};
	rootObject = 2A37F4A9FDCFA73011CA2CEA;
}
